
Microsoft Visual Studio Solution File, Format Version 12.00
# Visual Studio 15
VisualStudioVersion = 15.0.27428.2015
MinimumVisualStudioVersion = 10.0.40219.1
Project("{FAE04EC0-301F-11D3-BF4B-00C04F79EFBC}") = "SPV_Minerva_Loader", "SPV_Minerva_Loader\SPV_Minerva_Loader.csproj", "{8D2DD9FA-9650-4F3A-AEE6-1F122BA63BA0}"
EndProject
Project("{FAE04EC0-301F-11D3-BF4B-00C04F79EFBC}") = "SPV_Athena_Loader", "SPV_Athena_Loader\SPV_Athena_Loader.csproj", "{1A5F214C-316F-4B15-9792-F8E6706F10A6}"
EndProject
Global
	GlobalSection(SolutionConfigurationPlatforms) = preSolution
		Debug|Any CPU = Debug|Any CPU
		Release|Any CPU = Release|Any CPU
	EndGlobalSection
	GlobalSection(ProjectConfigurationPlatforms) = postSolution
		{8D2DD9FA-9650-4F3A-AEE6-1F122BA63BA0}.Debug|Any CPU.ActiveCfg = Debug|Any CPU
		{8D2DD9FA-9650-4F3A-AEE6-1F122BA63BA0}.Debug|Any CPU.Build.0 = Debug|Any CPU
		{8D2DD9FA-9650-4F3A-AEE6-1F122BA63BA0}.Release|Any CPU.ActiveCfg = Release|Any CPU
		{8D2DD9FA-9650-4F3A-AEE6-1F122BA63BA0}.Release|Any CPU.Build.0 = Release|Any CPU
		{1A5F214C-316F-4B15-9792-F8E6706F10A6}.Debug|Any CPU.ActiveCfg = Debug|Any CPU
		{1A5F214C-316F-4B15-9792-F8E6706F10A6}.Debug|Any CPU.Build.0 = Debug|Any CPU
		{1A5F214C-316F-4B15-9792-F8E6706F10A6}.Release|Any CPU.ActiveCfg = Release|Any CPU
		{1A5F214C-316F-4B15-9792-F8E6706F10A6}.Release|Any CPU.Build.0 = Release|Any CPU
	EndGlobalSection
	GlobalSection(SolutionProperties) = preSolution
		HideSolutionNode = FALSE
	EndGlobalSection
	GlobalSection(ExtensibilityGlobals) = postSolution
		SolutionGuid = {DB038486-209A-4878-9D97-C45A8504EB88}
	EndGlobalSection
EndGlobal
